
Microsoft Visual Studio Solution File, Format Version 12.00
# Visual Studio Version 16
VisualStudioVersion = 16.0.30804.86
MinimumVisualStudioVersion = 10.0.40219.1
Project("{FAE04EC0-301F-11D3-BF4B-00C04F79EFBC}") = "PaymentServices", "PaymentServices\PaymentServices.csproj", "{3EEF30CC-F578-4939-94BC-D501760C35DD}"
EndProject
Global
	GlobalSection(SolutionConfigurationPlatforms) = preSolution
		Debug|Any CPU = Debug|Any CPU
		Release|Any CPU = Release|Any CPU
	EndGlobalSection
	GlobalSection(ProjectConfigurationPlatforms) = postSolution
		{3EEF30CC-F578-4939-94BC-D501760C35DD}.Debug|Any CPU.ActiveCfg = Debug|Any CPU
		{3EEF30CC-F578-4939-94BC-D501760C35DD}.Debug|Any CPU.Build.0 = Debug|Any CPU
		{3EEF30CC-F578-4939-94BC-D501760C35DD}.Release|Any CPU.ActiveCfg = Release|Any CPU
		{3EEF30CC-F578-4939-94BC-D501760C35DD}.Release|Any CPU.Build.0 = Release|Any CPU
	EndGlobalSection
	GlobalSection(SolutionProperties) = preSolution
		HideSolutionNode = FALSE
	EndGlobalSection
	GlobalSection(ExtensibilityGlobals) = postSolution
		SolutionGuid = {C997A3D5-23B2-4476-AC39-0ED7E4855C0A}
	EndGlobalSection
EndGlobal
